
Microsoft Visual Studio Solution File, Format Version 12.00
# Visual Studio Version 16
VisualStudioVersion = 16.0.32228.343
MinimumVisualStudioVersion = 10.0.40219.1
Project("{FAE04EC0-301F-11D3-BF4B-00C04F79EFBC}") = "Book_SQL_Trace", "Book_SQL_Trace\Book_SQL_Trace.csproj", "{F5A78B91-5F51-4E12-AEE7-798C8C45D71A}"
EndProject
Global
	GlobalSection(SolutionConfigurationPlatforms) = preSolution
		Debug|Any CPU = Debug|Any CPU
		Release|Any CPU = Release|Any CPU
	EndGlobalSection
	GlobalSection(ProjectConfigurationPlatforms) = postSolution
		{F5A78B91-5F51-4E12-AEE7-798C8C45D71A}.Debug|Any CPU.ActiveCfg = Debug|Any CPU
		{F5A78B91-5F51-4E12-AEE7-798C8C45D71A}.Debug|Any CPU.Build.0 = Debug|Any CPU
		{F5A78B91-5F51-4E12-AEE7-798C8C45D71A}.Release|Any CPU.ActiveCfg = Release|Any CPU
		{F5A78B91-5F51-4E12-AEE7-798C8C45D71A}.Release|Any CPU.Build.0 = Release|Any CPU
	EndGlobalSection
	GlobalSection(SolutionProperties) = preSolution
		HideSolutionNode = FALSE
	EndGlobalSection
	GlobalSection(ExtensibilityGlobals) = postSolution
		SolutionGuid = {97A3BB27-6FE8-48D8-B36B-A9AF785DD188}
	EndGlobalSection
EndGlobal
